
Microsoft Visual Studio Solution File, Format Version 12.00
# Visual Studio Version 17
VisualStudioVersion = 17.11.35327.3
MinimumVisualStudioVersion = 10.0.40219.1
Project("{FAE04EC0-301F-11D3-BF4B-00C04F79EFBC}") = "ConsoleApp1", "ConsoleApp1.csproj", "{B27941A4-A748-456F-AD1A-7E50B88B4599}"
EndProject
Global
	GlobalSection(SolutionConfigurationPlatforms) = preSolution
		Debug|Any CPU = Debug|Any CPU
		Release|Any CPU = Release|Any CPU
	EndGlobalSection
	GlobalSection(ProjectConfigurationPlatforms) = postSolution
		{B27941A4-A748-456F-AD1A-7E50B88B4599}.Debug|Any CPU.ActiveCfg = Debug|Any CPU
		{B27941A4-A748-456F-AD1A-7E50B88B4599}.Debug|Any CPU.Build.0 = Debug|Any CPU
		{B27941A4-A748-456F-AD1A-7E50B88B4599}.Release|Any CPU.ActiveCfg = Release|Any CPU
		{B27941A4-A748-456F-AD1A-7E50B88B4599}.Release|Any CPU.Build.0 = Release|Any CPU
	EndGlobalSection
	GlobalSection(SolutionProperties) = preSolution
		HideSolutionNode = FALSE
	EndGlobalSection
	GlobalSection(ExtensibilityGlobals) = postSolution
		SolutionGuid = {B6677C32-BD83-4188-B6F7-638897C60BD7}
	EndGlobalSection
EndGlobal
